
Microsoft Visual Studio Solution File, Format Version 12.00
# Visual Studio Version 17
VisualStudioVersion = 17.9.34714.143
MinimumVisualStudioVersion = 10.0.40219.1
Project("{9A19103F-16F7-4668-BE54-9A1E7A4F7556}") = "Audi100.Server", "Audi100.Server\Audi100.Server.csproj", "{755FE42F-59E2-4804-8936-7428CF372485}"
EndProject
Project("{9A19103F-16F7-4668-BE54-9A1E7A4F7556}") = "Audi100.Models", "Audi100.Models\Audi100.Models.csproj", "{78D42B6D-60ED-4F09-8B0F-1EE0CD69D106}"
EndProject
Project("{9A19103F-16F7-4668-BE54-9A1E7A4F7556}") = "Audi100.Client", "Audi100.Client\Audi100.Client.csproj", "{B74C6EE0-CC8C-4ADA-8411-EC51E9460A1C}"
EndProject
Global
	GlobalSection(SolutionConfigurationPlatforms) = preSolution
		Debug|Any CPU = Debug|Any CPU
		Release|Any CPU = Release|Any CPU
	EndGlobalSection
	GlobalSection(ProjectConfigurationPlatforms) = postSolution
		{755FE42F-59E2-4804-8936-7428CF372485}.Debug|Any CPU.ActiveCfg = Debug|Any CPU
		{755FE42F-59E2-4804-8936-7428CF372485}.Debug|Any CPU.Build.0 = Debug|Any CPU
		{755FE42F-59E2-4804-8936-7428CF372485}.Release|Any CPU.ActiveCfg = Release|Any CPU
		{755FE42F-59E2-4804-8936-7428CF372485}.Release|Any CPU.Build.0 = Release|Any CPU
		{78D42B6D-60ED-4F09-8B0F-1EE0CD69D106}.Debug|Any CPU.ActiveCfg = Debug|Any CPU
		{78D42B6D-60ED-4F09-8B0F-1EE0CD69D106}.Debug|Any CPU.Build.0 = Debug|Any CPU
		{78D42B6D-60ED-4F09-8B0F-1EE0CD69D106}.Release|Any CPU.ActiveCfg = Release|Any CPU
		{78D42B6D-60ED-4F09-8B0F-1EE0CD69D106}.Release|Any CPU.Build.0 = Release|Any CPU
		{B74C6EE0-CC8C-4ADA-8411-EC51E9460A1C}.Debug|Any CPU.ActiveCfg = Debug|Any CPU
		{B74C6EE0-CC8C-4ADA-8411-EC51E9460A1C}.Debug|Any CPU.Build.0 = Debug|Any CPU
		{B74C6EE0-CC8C-4ADA-8411-EC51E9460A1C}.Release|Any CPU.ActiveCfg = Release|Any CPU
		{B74C6EE0-CC8C-4ADA-8411-EC51E9460A1C}.Release|Any CPU.Build.0 = Release|Any CPU
	EndGlobalSection
	GlobalSection(SolutionProperties) = preSolution
		HideSolutionNode = FALSE
	EndGlobalSection
	GlobalSection(ExtensibilityGlobals) = postSolution
		SolutionGuid = {0F9A465B-3C05-4A30-98D4-725835364BEE}
	EndGlobalSection
EndGlobal
